// !$*UTF8*$!
{
	archiveVersion = 1;
	classes = {
	};
	objectVersion = 55;
	objects = {

/* Begin PBXBuildFile section */
		20187B2527C1320B009634D3 /* DetailViewController.swift in Sources */ = {isa = PBXBuildFile; fileRef = 20187B2427C1320A009634D3 /* DetailViewController.swift */; };
		206F3B0327BD293000880F7F /* AppDelegate.swift in Sources */ = {isa = PBXBuildFile; fileRef = 206F3B0227BD293000880F7F /* AppDelegate.swift */; };
		206F3B0527BD293000880F7F /* SceneDelegate.swift in Sources */ = {isa = PBXBuildFile; fileRef = 206F3B0427BD293000880F7F /* SceneDelegate.swift */; };
		206F3B0727BD293000880F7F /* ViewController.swift in Sources */ = {isa = PBXBuildFile; fileRef = 206F3B0627BD293000880F7F /* ViewController.swift */; };
		206F3B0A27BD293000880F7F /* Main.storyboard in Resources */ = {isa = PBXBuildFile; fileRef = 206F3B0827BD293000880F7F /* Main.storyboard */; };
		206F3B0C27BD293100880F7F /* Assets.xcassets in Resources */ = {isa = PBXBuildFile; fileRef = 206F3B0B27BD293100880F7F /* Assets.xcassets */; };
		206F3B0F27BD293100880F7F /* LaunchScreen.storyboard in Resources */ = {isa = PBXBuildFile; fileRef = 206F3B0D27BD293100880F7F /* LaunchScreen.storyboard */; };
		206F3B1727BD3A5800880F7F /* Student.swift in Sources */ = {isa = PBXBuildFile; fileRef = 206F3B1627BD3A5800880F7F /* Student.swift */; };
		206F3B1927BE53FB00880F7F /* CustomCell.swift in Sources */ = {isa = PBXBuildFile; fileRef = 206F3B1827BE53FB00880F7F /* CustomCell.swift */; };
/* End PBXBuildFile section */

/* Begin PBXFileReference section */
		20187B2427C1320A009634D3 /* DetailViewController.swift */ = {isa = PBXFileReference; lastKnownFileType = sourcecode.swift; path = DetailViewController.swift; sourceTree = "<group>"; };
		206F3AFF27BD293000880F7F /* TableViewSeugueExample.app */ = {isa = PBXFileReference; explicitFileType = wrapper.application; includeInIndex = 0; path = TableViewSeugueExample.app; sourceTree = BUILT_PRODUCTS_DIR; };
		206F3B0227BD293000880F7F /* AppDelegate.swift */ = {isa = PBXFileReference; lastKnownFileType = sourcecode.swift; path = AppDelegate.swift; sourceTree = "<group>"; };
		206F3B0427BD293000880F7F /* SceneDelegate.swift */ = {isa = PBXFileReference; lastKnownFileType = sourcecode.swift; path = SceneDelegate.swift; sourceTree = "<group>"; };
		206F3B0627BD293000880F7F /* ViewController.swift */ = {isa = PBXFileReference; lastKnownFileType = sourcecode.swift; path = ViewController.swift; sourceTree = "<group>"; };
		206F3B0927BD293000880F7F /* Base */ = {isa = PBXFileReference; lastKnownFileType = file.storyboard; name = Base; path = Base.lproj/Main.storyboard; sourceTree = "<group>"; };
		206F3B0B27BD293100880F7F /* Assets.xcassets */ = {isa = PBXFileReference; lastKnownFileType = folder.assetcatalog; path = Assets.xcassets; sourceTree = "<group>"; };
		206F3B0E27BD293100880F7F /* Base */ = {isa = PBXFileReference; lastKnownFileType = file.storyboard; name = Base; path = Base.lproj/LaunchScreen.storyboard; sourceTree = "<group>"; };
		206F3B1027BD293100880F7F /* Info.plist */ = {isa = PBXFileReference; lastKnownFileType = text.plist.xml; path = Info.plist; sourceTree = "<group>"; };
		206F3B1627BD3A5800880F7F /* Student.swift */ = {isa = PBXFileReference; lastKnownFileType = sourcecode.swift; path = Student.swift; sourceTree = "<group>"; };
		206F3B1827BE53FB00880F7F /* CustomCell.swift */ = {isa = PBXFileReference; lastKnownFileType = sourcecode.swift; path = CustomCell.swift; sourceTree = "<group>"; };
/* End PBXFileReference section */

/* Begin PBXFrameworksBuildPhase section */
		206F3AFC27BD293000880F7F /* Frameworks */ = {
			isa = PBXFrameworksBuildPhase;
			buildActionMask = 2147483647;
			files = (
			);
			runOnlyForDeploymentPostprocessing = 0;
		};
/* End PBXFrameworksBuildPhase section */

/* Begin PBXGroup section */
		206F3AF627BD293000880F7F = {
			isa = PBXGroup;
			children = (
				206F3B0127BD293000880F7F /* TableViewSeugueExample */,
				206F3B0027BD293000880F7F /* Products */,
			);
			sourceTree = "<group>";
		};
		206F3B0027BD293000880F7F /* Products */ = {
			isa = PBXGroup;
			children = (
				206F3AFF27BD293000880F7F /* TableViewSeugueExample.app */,
			);
			name = Products;
			sourceTree = "<group>";
		};
		206F3B0127BD293000880F7F /* TableViewSeugueExample */ = {
			isa = PBXGroup;
			children = (
				206F3B0227BD293000880F7F /* AppDelegate.swift */,
				206F3B0427BD293000880F7F /* SceneDelegate.swift */,
				206F3B0627BD293000880F7F /* ViewController.swift */,
				206F3B1627BD3A5800880F7F /* Student.swift */,
				206F3B0827BD293000880F7F /* Main.storyboard */,
				206F3B0B27BD293100880F7F /* Assets.xcassets */,
				206F3B0D27BD293100880F7F /* LaunchScreen.storyboard */,
				206F3B1027BD293100880F7F /* Info.plist */,
				206F3B1827BE53FB00880F7F /* CustomCell.swift */,
				20187B2427C1320A009634D3 /* DetailViewController.swift */,
			);
			path = TableViewSeugueExample;
			sourceTree = "<group>";
		};
/* End PBXGroup section */

/* Begin PBXNativeTarget section */
		206F3AFE27BD293000880F7F /* TableViewSeugueExample */ = {
			isa = PBXNativeTarget;
			buildConfigurationList = 206F3B1327BD293100880F7F /* Build configuration list for PBXNativeTarget "TableViewSeugueExample" */;
			buildPhases = (
				206F3AFB27BD293000880F7F /* Sources */,
				206F3AFC27BD293000880F7F /* Frameworks */,
				206F3AFD27BD293000880F7F /* Resources */,
			);
			buildRules = (
			);
			dependencies = (
			);
			name = TableViewSeugueExample;
			productName = TableViewSeugueExample;
			productReference = 206F3AFF27BD293000880F7F /* TableViewSeugueExample.app */;
			productType = "com.apple.product-type.application";
		};
/* End PBXNativeTarget section */

/* Begin PBXProject section */
		206F3AF727BD293000880F7F /* Project object */ = {
			isa = PBXProject;
			attributes = {
				BuildIndependentTargetsInParallel = 1;
				LastSwiftUpdateCheck = 1320;
				LastUpgradeCheck = 1320;
				TargetAttributes = {
					206F3AFE27BD293000880F7F = {
						CreatedOnToolsVersion = 13.2.1;
					};
				};
			};
			buildConfigurationList = 206F3AFA27BD293000880F7F /* Build configuration list for PBXProject "TableViewSeugueExample" */;
			compatibilityVersion = "Xcode 13.0";
			developmentRegion = en;
			hasScannedForEncodings = 0;
			knownRegions = (
				en,
				Base,
			);
			mainGroup = 206F3AF627BD293000880F7F;
			productRefGroup = 206F3B0027BD293000880F7F /* Products */;
			projectDirPath = "";
			projectRoot = "";
			targets = (
				206F3AFE27BD293000880F7F /* TableViewSeugueExample */,
			);
		};
/* End PBXProject section */

/* Begin PBXResourcesBuildPhase section */
		206F3AFD27BD293000880F7F /* Resources */ = {
			isa = PBXResourcesBuildPhase;
			buildActionMask = 2147483647;
			files = (
				206F3B0F27BD293100880F7F /* LaunchScreen.storyboard in Resources */,
				206F3B0C27BD293100880F7F /* Assets.xcassets in Resources */,
				206F3B0A27BD293000880F7F /* Main.storyboard in Resources */,
			);
			runOnlyForDeploymentPostprocessing = 0;
		};
/* End PBXResourcesBuildPhase section */

/* Begin PBXSourcesBuildPhase section */
		206F3AFB27BD293000880F7F /* Sources */ = {
			isa = PBXSourcesBuildPhase;
			buildActionMask = 2147483647;
			files = (
				206F3B0727BD293000880F7F /* ViewController.swift in Sources */,
				206F3B0327BD293000880F7F /* AppDelegate.swift in Sources */,
				206F3B1927BE53FB00880F7F /* CustomCell.swift in Sources */,
				20187B2527C1320B009634D3 /* DetailViewController.swift in Sources */,
				206F3B0527BD293000880F7F /* SceneDelegate.swift in Sources */,
				206F3B1727BD3A5800880F7F /* Student.swift in Sources */,
			);
			runOnlyForDeploymentPostprocessing = 0;
		};
/* End PBXSourcesBuildPhase section */

/* Begin PBXVariantGroup section */
		206F3B0827BD293000880F7F /* Main.storyboard */ = {
			isa = PBXVariantGroup;
			children = (
				206F3B0927BD293000880F7F /* Base */,
			);
			name = Main.storyboard;
			sourceTree = "<group>";
		};
		206F3B0D27BD293100880F7F /* LaunchScreen.storyboard */ = {
			isa = PBXVariantGroup;
			children = (
				206F3B0E27BD293100880F7F /* Base */,
			);
			name = LaunchScreen.storyboard;
			sourceTree = "<group>";
		};
/* End PBXVariantGroup section */

/* Begin XCBuildConfiguration section */
		206F3B1127BD293100880F7F /* Debug */ = {
			isa = XCBuildConfiguration;
			buildSettings = {
				ALWAYS_SEARCH_USER_PATHS = NO;
				CLANG_ANALYZER_NONNULL = YES;
				CLANG_ANALYZER_NUMBER_OBJECT_CONVERSION = YES_AGGRESSIVE;
				CLANG_CXX_LANGUAGE_STANDARD = "gnu++17";
				CLANG_CXX_LIBRARY = "libc++";
				CLANG_ENABLE_MODULES = YES;
				CLANG_ENABLE_OBJC_ARC = YES;
				CLANG_ENABLE_OBJC_WEAK = YES;
				CLANG_WARN_BLOCK_CAPTURE_AUTORELEASING = YES;
				CLANG_WARN_BOOL_CONVERSION = YES;
				CLANG_WARN_COMMA = YES;
				CLANG_WARN_CONSTANT_CONVERSION = YES;
				CLANG_WARN_DEPRECATED_OBJC_IMPLEMENTATIONS = YES;
				CLANG_WARN_DIRECT_OBJC_ISA_USAGE = YES_ERROR;
				CLANG_WARN_DOCUMENTATION_COMMENTS = YES;
				CLANG_WARN_EMPTY_BODY = YES;
				CLANG_WARN_ENUM_CONVERSION = YES;
				CLANG_WARN_INFINITE_RECURSION = YES;
				CLANG_WARN_INT_CONVERSION = YES;
				CLANG_WARN_NON_LITERAL_NULL_CONVERSION = YES;
				CLANG_WARN_OBJC_IMPLICIT_RETAIN_SELF = YES;
				CLANG_WARN_OBJC_LITERAL_CONVERSION = YES;
				CLANG_WARN_OBJC_ROOT_CLASS = YES_ERROR;
				CLANG_WARN_QUOTED_INCLUDE_IN_FRAMEWORK_HEADER = YES;
				CLANG_WARN_RANGE_LOOP_ANALYSIS = YES;
				CLANG_WARN_STRICT_PROTOTYPES = YES;
				CLANG_WARN_SUSPICIOUS_MOVE = YES;
				CLANG_WARN_UNGUARDED_AVAILABILITY = YES_AGGRESSIVE;
				CLANG_WARN_UNREACHABLE_CODE = YES;
				CLANG_WARN__DUPLICATE_METHOD_MATCH = YES;
				COPY_PHASE_STRIP = NO;
				DEBUG_INFORMATION_FORMAT = dwarf;
				ENABLE_STRICT_OBJC_MSGSEND = YES;
				ENABLE_TESTABILITY = YES;
				GCC_C_LANGUAGE_STANDARD = gnu11;
				GCC_DYNAMIC_NO_PIC = NO;
				GCC_NO_COMMON_BLOCKS = YES;
				GCC_OPTIMIZATION_LEVEL = 0;
				GCC_PREPROCESSOR_DEFINITIONS = (
					"DEBUG=1",
					"$(inherited)",
				);
				GCC_WARN_64_TO_32_BIT_CONVERSION = YES;
				GCC_WARN_ABOUT_RETURN_TYPE = YES_ERROR;
				GCC_WARN_UNDECLARED_SELECTOR = YES;
				GCC_WARN_UNINITIALIZED_AUTOS = YES_AGGRESSIVE;
				GCC_WARN_UNUSED_FUNCTION = YES;
				GCC_WARN_UNUSED_VARIABLE = YES;
				IPHONEOS_DEPLOYMENT_TARGET = 15.2;
				MTL_ENABLE_DEBUG_INFO = INCLUDE_SOURCE;
				MTL_FAST_MATH = YES;
				ONLY_ACTIVE_ARCH = YES;
				SDKROOT = iphoneos;
				SWIFT_ACTIVE_COMPILATION_CONDITIONS = DEBUG;
				SWIFT_OPTIMIZATION_LEVEL = "-Onone";
			};
			name = Debug;
		};
		206F3B1227BD293100880F7F /* Release */ = {
			isa = XCBuildConfiguration;
			buildSettings = {
				ALWAYS_SEARCH_USER_PATHS = NO;
				CLANG_ANALYZER_NONNULL = YES;
				CLANG_ANALYZER_NUMBER_OBJECT_CONVERSION = YES_AGGRESSIVE;
				CLANG_CXX_LANGUAGE_STANDARD = "gnu++17";
				CLANG_CXX_LIBRARY = "libc++";
				CLANG_ENABLE_MODULES = YES;
				CLANG_ENABLE_OBJC_ARC = YES;
				CLANG_ENABLE_OBJC_WEAK = YES;
				CLANG_WARN_BLOCK_CAPTURE_AUTORELEASING = YES;
				CLANG_WARN_BOOL_CONVERSION = YES;
				CLANG_WARN_COMMA = YES;
				CLANG_WARN_CONSTANT_CONVERSION = YES;
				CLANG_WARN_DEPRECATED_OBJC_IMPLEMENTATIONS = YES;
				CLANG_WARN_DIRECT_OBJC_ISA_USAGE = YES_ERROR;
				CLANG_WARN_DOCUMENTATION_COMMENTS = YES;
				CLANG_WARN_EMPTY_BODY = YES;
				CLANG_WARN_ENUM_CONVERSION = YES;
				CLANG_WARN_INFINITE_RECURSION = YES;
				CLANG_WARN_INT_CONVERSION = YES;
				CLANG_WARN_NON_LITERAL_NULL_CONVERSION = YES;
				CLANG_WARN_OBJC_IMPLICIT_RETAIN_SELF = YES;
				CLANG_WARN_OBJC_LITERAL_CONVERSION = YES;
				CLANG_WARN_OBJC_ROOT_CLASS = YES_ERROR;
				CLANG_WARN_QUOTED_INCLUDE_IN_FRAMEWORK_HEADER = YES;
				CLANG_WARN_RANGE_LOOP_ANALYSIS = YES;
				CLANG_WARN_STRICT_PROTOTYPES = YES;
				CLANG_WARN_SUSPICIOUS_MOVE = YES;
				CLANG_WARN_UNGUARDED_AVAILABILITY = YES_AGGRESSIVE;
				CLANG_WARN_UNREACHABLE_CODE = YES;
				CLANG_WARN__DUPLICATE_METHOD_MATCH = YES;
				COPY_PHASE_STRIP = NO;
				DEBUG_INFORMATION_FORMAT = "dwarf-with-dsym";
				ENABLE_NS_ASSERTIONS = NO;
				ENABLE_STRICT_OBJC_MSGSEND = YES;
				GCC_C_LANGUAGE_STANDARD = gnu11;
				GCC_NO_COMMON_BLOCKS = YES;
				GCC_WARN_64_TO_32_BIT_CONVERSION = YES;
				GCC_WARN_ABOUT_RETURN_TYPE = YES_ERROR;
				GCC_WARN_UNDECLARED_SELECTOR = YES;
				GCC_WARN_UNINITIALIZED_AUTOS = YES_AGGRESSIVE;
				GCC_WARN_UNUSED_FUNCTION = YES;
				GCC_WARN_UNUSED_VARIABLE = YES;
				IPHONEOS_DEPLOYMENT_TARGET = 15.2;
				MTL_ENABLE_DEBUG_INFO = NO;
				MTL_FAST_MATH = YES;
				SDKROOT = iphoneos;
				SWIFT_COMPILATION_MODE = wholemodule;
				SWIFT_OPTIMIZATION_LEVEL = "-O";
				VALIDATE_PRODUCT = YES;
			};
			name = Release;
		};
		206F3B1427BD293100880F7F /* Debug */ = {
			isa = XCBuildConfiguration;
			buildSettings = {
				ASSETCATALOG_COMPILER_APPICON_NAME = AppIcon;
				ASSETCATALOG_COMPILER_GLOBAL_ACCENT_COLOR_NAME = AccentColor;
				CODE_SIGN_STYLE = Automatic;
				CURRENT_PROJECT_VERSION = 1;
				DEVELOPMENT_TEAM = SBG3YMN9G9;
				GENERATE_INFOPLIST_FILE = YES;
				INFOPLIST_FILE = TableViewSeugueExample/Info.plist;
				INFOPLIST_KEY_UIApplicationSupportsIndirectInputEvents = YES;
				INFOPLIST_KEY_UILaunchStoryboardName = LaunchScreen;
				INFOPLIST_KEY_UIMainStoryboardFile = Main;
				INFOPLIST_KEY_UISupportedInterfaceOrientations_iPad = "UIInterfaceOrientationPortrait UIInterfaceOrientationPortraitUpsideDown UIInterfaceOrientationLandscapeLeft UIInterfaceOrientationLandscapeRight";
				INFOPLIST_KEY_UISupportedInterfaceOrientations_iPhone = "UIInterfaceOrientationPortrait UIInterfaceOrientationLandscapeLeft UIInterfaceOrientationLandscapeRight";
				LD_RUNPATH_SEARCH_PATHS = (
					"$(inherited)",
					"@executable_path/Frameworks",
				);
				MARKETING_VERSION = 1.0;
				PRODUCT_BUNDLE_IDENTIFIER = Daulet.TableViewSeugueExample;
				PRODUCT_NAME = "$(TARGET_NAME)";
				SWIFT_EMIT_LOC_STRINGS = YES;
				SWIFT_VERSION = 5.0;
				TARGETED_DEVICE_FAMILY = "1,2";
			};
			name = Debug;
		};
		206F3B1527BD293100880F7F /* Release */ = {
			isa = XCBuildConfiguration;
			buildSettings = {
				ASSETCATALOG_COMPILER_APPICON_NAME = AppIcon;
				ASSETCATALOG_COMPILER_GLOBAL_ACCENT_COLOR_NAME = AccentColor;
				CODE_SIGN_STYLE = Automatic;
				CURRENT_PROJECT_VERSION = 1;
				DEVELOPMENT_TEAM = SBG3YMN9G9;
				GENERATE_INFOPLIST_FILE = YES;
				INFOPLIST_FILE = TableViewSeugueExample/Info.plist;
				INFOPLIST_KEY_UIApplicationSupportsIndirectInputEvents = YES;
				INFOPLIST_KEY_UILaunchStoryboardName = LaunchScreen;
				INFOPLIST_KEY_UIMainStoryboardFile = Main;
				INFOPLIST_KEY_UISupportedInterfaceOrientations_iPad = "UIInterfaceOrientationPortrait UIInterfaceOrientationPortraitUpsideDown UIInterfaceOrientationLandscapeLeft UIInterfaceOrientationLandscapeRight";
				INFOPLIST_KEY_UISupportedInterfaceOrientations_iPhone = "UIInterfaceOrientationPortrait UIInterfaceOrientationLandscapeLeft UIInterfaceOrientationLandscapeRight";
				LD_RUNPATH_SEARCH_PATHS = (
					"$(inherited)",
					"@executable_path/Frameworks",
				);
				MARKETING_VERSION = 1.0;
				PRODUCT_BUNDLE_IDENTIFIER = Daulet.TableViewSeugueExample;
				PRODUCT_NAME = "$(TARGET_NAME)";
				SWIFT_EMIT_LOC_STRINGS = YES;
				SWIFT_VERSION = 5.0;
				TARGETED_DEVICE_FAMILY = "1,2";
			};
			name = Release;
		};
/* End XCBuildConfiguration section */

/* Begin XCConfigurationList section */
		206F3AFA27BD293000880F7F /* Build configuration list for PBXProject "TableViewSeugueExample" */ = {
			isa = XCConfigurationList;
			buildConfigurations = (
				206F3B1127BD293100880F7F /* Debug */,
				206F3B1227BD293100880F7F /* Release */,
			);
			defaultConfigurationIsVisible = 0;
			defaultConfigurationName = Release;
		};
		206F3B1327BD293100880F7F /* Build configuration list for PBXNativeTarget "TableViewSeugueExample" */ = {
			isa = XCConfigurationList;
			buildConfigurations = (
				206F3B1427BD293100880F7F /* Debug */,
				206F3B1527BD293100880F7F /* Release */,
			);
			defaultConfigurationIsVisible = 0;
			defaultConfigurationName = Release;
		};
/* End XCConfigurationList section */
	};
	rootObject = 206F3AF727BD293000880F7F /* Project object */;
}
